
Microsoft Visual Studio Solution File, Format Version 12.00
# Visual Studio Version 16
VisualStudioVersion = 16.0.30907.101
MinimumVisualStudioVersion = 10.0.40219.1
Project("{FAE04EC0-301F-11D3-BF4B-00C04F79EFBC}") = "Lab4", "Lab4.csproj", "{3C7719CB-3A84-4DE1-AEDF-EB50BE863309}"
EndProject
Global
	GlobalSection(SolutionConfigurationPlatforms) = preSolution
		Debug|Any CPU = Debug|Any CPU
		Release|Any CPU = Release|Any CPU
	EndGlobalSection
	GlobalSection(ProjectConfigurationPlatforms) = postSolution
		{3C7719CB-3A84-4DE1-AEDF-EB50BE863309}.Debug|Any CPU.ActiveCfg = Debug|Any CPU
		{3C7719CB-3A84-4DE1-AEDF-EB50BE863309}.Debug|Any CPU.Build.0 = Debug|Any CPU
		{3C7719CB-3A84-4DE1-AEDF-EB50BE863309}.Release|Any CPU.ActiveCfg = Release|Any CPU
		{3C7719CB-3A84-4DE1-AEDF-EB50BE863309}.Release|Any CPU.Build.0 = Release|Any CPU
	EndGlobalSection
	GlobalSection(SolutionProperties) = preSolution
		HideSolutionNode = FALSE
	EndGlobalSection
	GlobalSection(ExtensibilityGlobals) = postSolution
		SolutionGuid = {AAC3627D-8587-45FF-BAA6-B69B601EE166}
	EndGlobalSection
EndGlobal
